# Runtime dependency constraints; upstream sources are installed separately.
annotated-doc==0.0.5
ansi2html==1.9.5
app==0.0.1
certifi==2026.7.22
cffi==2.1.1
charset-normalizer==3.5.1
coloredlogs==15.0.1
dataclasses-json==0.6.7
humanfriendly==10.0
idna==3.20
isodate==0.7.2
jaraco-classes==3.4.0
jaraco-context==6.1.2
jaraco-functools==4.6.0
keyring==25.7.0
m3u8==6.0.0
markdown-it-py==4.2.0
marshmallow==3.26.2
mdurl==0.1.2
more-itertools==11.1.0
mpegdash==0.4.1
mutagen==1.48.1
mypy-extensions==1.1.0
numpy==2.5.3
packaging==26.3
pathvalidate==3.3.1
pillow==12.3.0
pyaes==1.6.1
pycparser==3.0
pycryptodome==3.23.0
pyee==14.0.0
pygments==2.21.0
python-dateutil==2.9.0.post0
python-ffmpeg==2.0.12
requests==2.34.2
rich==14.3.4
send2trash==1.8.3
shellingham==1.5.4
six==1.17.0
soundfile==0.13.1
toml==0.10.2
typer==0.26.8
typing-extensions==4.16.0
typing-inspect==0.9.0
urllib3==2.8.0
imageio-ffmpeg==0.6.0
